
Microsoft Visual Studio Solution File, Format Version 12.00
# Visual Studio 15
VisualStudioVersion = 15.0.28307.902
MinimumVisualStudioVersion = 10.0.40219.1
Project("{FAE04EC0-301F-11D3-BF4B-00C04F79EFBC}") = "PG", "PG\PG.csproj", "{C7E57940-EA23-4965-B335-AB159BA14B5A}"
EndProject
Project("{2150E333-8FDC-42A3-9474-1A3956D46DE8}") = "Solution Items", "Solution Items", "{060C2E02-BDA9-458D-B260-1BBAA3F831D6}"
	ProjectSection(SolutionItems) = preProject
		numberValidation.cs = numberValidation.cs
	EndProjectSection
EndProject
Global
	GlobalSection(SolutionConfigurationPlatforms) = preSolution
		Debug|Any CPU = Debug|Any CPU
		Release|Any CPU = Release|Any CPU
	EndGlobalSection
	GlobalSection(ProjectConfigurationPlatforms) = postSolution
		{C7E57940-EA23-4965-B335-AB159BA14B5A}.Debug|Any CPU.ActiveCfg = Debug|Any CPU
		{C7E57940-EA23-4965-B335-AB159BA14B5A}.Debug|Any CPU.Build.0 = Debug|Any CPU
		{C7E57940-EA23-4965-B335-AB159BA14B5A}.Release|Any CPU.ActiveCfg = Release|Any CPU
		{C7E57940-EA23-4965-B335-AB159BA14B5A}.Release|Any CPU.Build.0 = Release|Any CPU
	EndGlobalSection
	GlobalSection(SolutionProperties) = preSolution
		HideSolutionNode = FALSE
	EndGlobalSection
	GlobalSection(ExtensibilityGlobals) = postSolution
		SolutionGuid = {78A7FB1A-1C7C-4580-A9BB-ABBE731E5957}
	EndGlobalSection
EndGlobal
